
Microsoft Visual Studio Solution File, Format Version 12.00
# Visual Studio Version 17
VisualStudioVersion = 17.9.34607.119
MinimumVisualStudioVersion = 10.0.40219.1
Project("{8BC9CEB8-8B4A-11D0-8D11-00A0C91BC942}") = "static", "static\static.vcxproj", "{E4CAD8A8-BADB-42C9-8CDE-C71D7932FA87}"
EndProject
Project("{8BC9CEB8-8B4A-11D0-8D11-00A0C91BC942}") = "static function", "static function\static function.vcxproj", "{13BE504E-C92F-413E-A79C-D007838E99F5}"
EndProject
Project("{8BC9CEB8-8B4A-11D0-8D11-00A0C91BC942}") = "constructor", "constructor\constructor.vcxproj", "{F98C2FB0-9EA7-4129-939E-694F4FF162EC}"
EndProject
Project("{8BC9CEB8-8B4A-11D0-8D11-00A0C91BC942}") = "destructor", "destructor\destructor.vcxproj", "{CC1604EA-6B17-4E06-9BBE-2D642DAAE0DF}"
EndProject
Project("{8BC9CEB8-8B4A-11D0-8D11-00A0C91BC942}") = "chainfunction", "chainfunction\chainfunction.vcxproj", "{A8A56509-8351-470E-A91E-FFC9F504A642}"
EndProject
Global
	GlobalSection(SolutionConfigurationPlatforms) = preSolution
		Debug|x64 = Debug|x64
		Debug|x86 = Debug|x86
		Release|x64 = Release|x64
		Release|x86 = Release|x86
	EndGlobalSection
	GlobalSection(ProjectConfigurationPlatforms) = postSolution
		{E4CAD8A8-BADB-42C9-8CDE-C71D7932FA87}.Debug|x64.ActiveCfg = Debug|x64
		{E4CAD8A8-BADB-42C9-8CDE-C71D7932FA87}.Debug|x64.Build.0 = Debug|x64
		{E4CAD8A8-BADB-42C9-8CDE-C71D7932FA87}.Debug|x86.ActiveCfg = Debug|Win32
		{E4CAD8A8-BADB-42C9-8CDE-C71D7932FA87}.Debug|x86.Build.0 = Debug|Win32
		{E4CAD8A8-BADB-42C9-8CDE-C71D7932FA87}.Release|x64.ActiveCfg = Release|x64
		{E4CAD8A8-BADB-42C9-8CDE-C71D7932FA87}.Release|x64.Build.0 = Release|x64
		{E4CAD8A8-BADB-42C9-8CDE-C71D7932FA87}.Release|x86.ActiveCfg = Release|Win32
		{E4CAD8A8-BADB-42C9-8CDE-C71D7932FA87}.Release|x86.Build.0 = Release|Win32
		{13BE504E-C92F-413E-A79C-D007838E99F5}.Debug|x64.ActiveCfg = Debug|x64
		{13BE504E-C92F-413E-A79C-D007838E99F5}.Debug|x64.Build.0 = Debug|x64
		{13BE504E-C92F-413E-A79C-D007838E99F5}.Debug|x86.ActiveCfg = Debug|Win32
		{13BE504E-C92F-413E-A79C-D007838E99F5}.Debug|x86.Build.0 = Debug|Win32
		{13BE504E-C92F-413E-A79C-D007838E99F5}.Release|x64.ActiveCfg = Release|x64
		{13BE504E-C92F-413E-A79C-D007838E99F5}.Release|x64.Build.0 = Release|x64
		{13BE504E-C92F-413E-A79C-D007838E99F5}.Release|x86.ActiveCfg = Release|Win32
		{13BE504E-C92F-413E-A79C-D007838E99F5}.Release|x86.Build.0 = Release|Win32
		{F98C2FB0-9EA7-4129-939E-694F4FF162EC}.Debug|x64.ActiveCfg = Debug|x64
		{F98C2FB0-9EA7-4129-939E-694F4FF162EC}.Debug|x64.Build.0 = Debug|x64
		{F98C2FB0-9EA7-4129-939E-694F4FF162EC}.Debug|x86.ActiveCfg = Debug|Win32
		{F98C2FB0-9EA7-4129-939E-694F4FF162EC}.Debug|x86.Build.0 = Debug|Win32
		{F98C2FB0-9EA7-4129-939E-694F4FF162EC}.Release|x64.ActiveCfg = Release|x64
		{F98C2FB0-9EA7-4129-939E-694F4FF162EC}.Release|x64.Build.0 = Release|x64
		{F98C2FB0-9EA7-4129-939E-694F4FF162EC}.Release|x86.ActiveCfg = Release|Win32
		{F98C2FB0-9EA7-4129-939E-694F4FF162EC}.Release|x86.Build.0 = Release|Win32
		{CC1604EA-6B17-4E06-9BBE-2D642DAAE0DF}.Debug|x64.ActiveCfg = Debug|x64
		{CC1604EA-6B17-4E06-9BBE-2D642DAAE0DF}.Debug|x64.Build.0 = Debug|x64
		{CC1604EA-6B17-4E06-9BBE-2D642DAAE0DF}.Debug|x86.ActiveCfg = Debug|Win32
		{CC1604EA-6B17-4E06-9BBE-2D642DAAE0DF}.Debug|x86.Build.0 = Debug|Win32
		{CC1604EA-6B17-4E06-9BBE-2D642DAAE0DF}.Release|x64.ActiveCfg = Release|x64
		{CC1604EA-6B17-4E06-9BBE-2D642DAAE0DF}.Release|x64.Build.0 = Release|x64
		{CC1604EA-6B17-4E06-9BBE-2D642DAAE0DF}.Release|x86.ActiveCfg = Release|Win32
		{CC1604EA-6B17-4E06-9BBE-2D642DAAE0DF}.Release|x86.Build.0 = Release|Win32
		{A8A56509-8351-470E-A91E-FFC9F504A642}.Debug|x64.ActiveCfg = Debug|x64
		{A8A56509-8351-470E-A91E-FFC9F504A642}.Debug|x64.Build.0 = Debug|x64
		{A8A56509-8351-470E-A91E-FFC9F504A642}.Debug|x86.ActiveCfg = Debug|Win32
		{A8A56509-8351-470E-A91E-FFC9F504A642}.Debug|x86.Build.0 = Debug|Win32
		{A8A56509-8351-470E-A91E-FFC9F504A642}.Release|x64.ActiveCfg = Release|x64
		{A8A56509-8351-470E-A91E-FFC9F504A642}.Release|x64.Build.0 = Release|x64
		{A8A56509-8351-470E-A91E-FFC9F504A642}.Release|x86.ActiveCfg = Release|Win32
		{A8A56509-8351-470E-A91E-FFC9F504A642}.Release|x86.Build.0 = Release|Win32
	EndGlobalSection
	GlobalSection(SolutionProperties) = preSolution
		HideSolutionNode = FALSE
	EndGlobalSection
	GlobalSection(ExtensibilityGlobals) = postSolution
		SolutionGuid = {45EE6759-108E-4BDF-85E2-8CFEFCB7B1C2}
	EndGlobalSection
EndGlobal
